
Microsoft Visual Studio Solution File, Format Version 12.00
# Visual Studio 14
VisualStudioVersion = 14.0.25123.0
MinimumVisualStudioVersion = 10.0.40219.1
Project("{FAE04EC0-301F-11D3-BF4B-00C04F79EFBC}") = "ForceAnalyzer", "ForceAnalyzer\ForceAnalyzer.csproj", "{C87B7617-AE1D-4669-B5DC-087E50886D20}"
EndProject
Project("{FAE04EC0-301F-11D3-BF4B-00C04F79EFBC}") = "WebApplication1", "WebApplication1\WebApplication1.csproj", "{1DBED1C7-0FA2-4C5A-BFE9-BE26C1745CF1}"
EndProject
Global
	GlobalSection(SolutionConfigurationPlatforms) = preSolution
		Debug|Any CPU = Debug|Any CPU
		Debug|x86 = Debug|x86
		Release|Any CPU = Release|Any CPU
		Release|x86 = Release|x86
	EndGlobalSection
	GlobalSection(ProjectConfigurationPlatforms) = postSolution
		{C87B7617-AE1D-4669-B5DC-087E50886D20}.Debug|Any CPU.ActiveCfg = Debug|Any CPU
		{C87B7617-AE1D-4669-B5DC-087E50886D20}.Debug|Any CPU.Build.0 = Debug|Any CPU
		{C87B7617-AE1D-4669-B5DC-087E50886D20}.Debug|x86.ActiveCfg = Debug|x86
		{C87B7617-AE1D-4669-B5DC-087E50886D20}.Debug|x86.Build.0 = Debug|x86
		{C87B7617-AE1D-4669-B5DC-087E50886D20}.Release|Any CPU.ActiveCfg = Release|Any CPU
		{C87B7617-AE1D-4669-B5DC-087E50886D20}.Release|Any CPU.Build.0 = Release|Any CPU
		{C87B7617-AE1D-4669-B5DC-087E50886D20}.Release|x86.ActiveCfg = Release|x86
		{C87B7617-AE1D-4669-B5DC-087E50886D20}.Release|x86.Build.0 = Release|x86
		{1DBED1C7-0FA2-4C5A-BFE9-BE26C1745CF1}.Debug|Any CPU.ActiveCfg = Debug|Any CPU
		{1DBED1C7-0FA2-4C5A-BFE9-BE26C1745CF1}.Debug|Any CPU.Build.0 = Debug|Any CPU
		{1DBED1C7-0FA2-4C5A-BFE9-BE26C1745CF1}.Debug|x86.ActiveCfg = Debug|Any CPU
		{1DBED1C7-0FA2-4C5A-BFE9-BE26C1745CF1}.Debug|x86.Build.0 = Debug|Any CPU
		{1DBED1C7-0FA2-4C5A-BFE9-BE26C1745CF1}.Release|Any CPU.ActiveCfg = Release|Any CPU
		{1DBED1C7-0FA2-4C5A-BFE9-BE26C1745CF1}.Release|Any CPU.Build.0 = Release|Any CPU
		{1DBED1C7-0FA2-4C5A-BFE9-BE26C1745CF1}.Release|x86.ActiveCfg = Release|Any CPU
		{1DBED1C7-0FA2-4C5A-BFE9-BE26C1745CF1}.Release|x86.Build.0 = Release|Any CPU
	EndGlobalSection
	GlobalSection(SolutionProperties) = preSolution
		HideSolutionNode = FALSE
	EndGlobalSection
EndGlobal
